
Microsoft Visual Studio Solution File, Format Version 12.00
# Visual Studio Version 17
VisualStudioVersion = 17.0.31903.59
MinimumVisualStudioVersion = 10.0.40219.1
Project("{2150E333-8FDC-42A3-9474-1A3956D46DE8}") = "src", "src", "{827E0CD3-B72D-47B6-A68D-7590B98EB39B}"
EndProject
Project("{FAE04EC0-301F-11D3-BF4B-00C04F79EFBC}") = "Murder.DomainGame", "src\Murder.DomainGame\Murder.DomainGame.csproj", "{2C967DCB-6C87-402C-9BCE-4A4A4FD07AF5}"
EndProject
Project("{2150E333-8FDC-42A3-9474-1A3956D46DE8}") = "tests", "tests", "{0AB3BF05-4346-4AA6-1389-037BE0695223}"
EndProject
Project("{FAE04EC0-301F-11D3-BF4B-00C04F79EFBC}") = "Murder.DomainGame.Tests", "tests\Murder.DomainGame.Tests\Murder.DomainGame.Tests.csproj", "{AAF38BAF-3CEA-426D-9685-8B322D1C1E7B}"
EndProject
Project("{FAE04EC0-301F-11D3-BF4B-00C04F79EFBC}") = "Murder.ApplicationGame", "src\Murder.ApplicationGame\Murder.ApplicationGame.csproj", "{ABB9AED3-28EF-451D-8E45-387A6553344A}"
EndProject
Project("{2150E333-8FDC-42A3-9474-1A3956D46DE8}") = "Murder.Plugins", "Murder.Plugins", "{50E4C933-4E1B-8388-DD1A-9AD765ACCC3D}"
EndProject
Project("{2150E333-8FDC-42A3-9474-1A3956D46DE8}") = "GameRepository", "GameRepository", "{DA3EA5C9-AE32-97D9-47D3-A580E2B0BC9D}"
EndProject
Project("{2150E333-8FDC-42A3-9474-1A3956D46DE8}") = "InMemory", "InMemory", "{5DC45E0B-8A82-FFC2-5348-8D9D68D525D4}"
EndProject
Project("{FAE04EC0-301F-11D3-BF4B-00C04F79EFBC}") = "Murder.Plugins.GameRepositoy.InMemory", "src\Murder.Plugins\GameRepository\InMemory\Murder.Plugins.GameRepositoy.InMemory.csproj", "{DE39CDE7-435A-49D8-A431-CFE73104FC07}"
EndProject
Project("{FAE04EC0-301F-11D3-BF4B-00C04F79EFBC}") = "Murder.DomainIdentity", "src\Murder.DomainIdentity\Murder.DomainIdentity.csproj", "{4240DCCE-4534-4C89-808B-EE8CBFFADBC8}"
EndProject
Project("{FAE04EC0-301F-11D3-BF4B-00C04F79EFBC}") = "Murder.ApplicationIdentity", "src\Murder.ApplicationIdentity\Murder.ApplicationIdentity.csproj", "{15FD9A93-E94C-4C79-BA20-4B261EB6D52F}"
EndProject
Project("{2150E333-8FDC-42A3-9474-1A3956D46DE8}") = "IdentityRepository", "IdentityRepository", "{1D2114A5-DAD6-7D14-FF5C-B99067AA0C81}"
EndProject
Project("{2150E333-8FDC-42A3-9474-1A3956D46DE8}") = "InMemory", "InMemory", "{79184894-1663-4A9A-05A1-54660F625372}"
EndProject
Project("{FAE04EC0-301F-11D3-BF4B-00C04F79EFBC}") = "Murder.Plugins.IdentityRepository.InMemory", "src\Murder.Plugins\IdentityRepository\InMemory\Murder.Plugins.IdentityRepository.InMemory.csproj", "{4FA29AFB-1FC7-48B0-8EA9-D6CB4664A7CF}"
EndProject
Project("{2150E333-8FDC-42A3-9474-1A3956D46DE8}") = "CredentialRepository", "CredentialRepository", "{D8484874-C0FE-4E8D-F709-C0D2522D0E0F}"
EndProject
Project("{2150E333-8FDC-42A3-9474-1A3956D46DE8}") = "InMemory", "InMemory", "{01464765-4456-A1A1-32C3-15FA1E5E10E7}"
EndProject
Project("{FAE04EC0-301F-11D3-BF4B-00C04F79EFBC}") = "Murder.Plugins.CredentialRepository.InMemory", "src\Murder.Plugins\CredentialRepository\InMemory\Murder.Plugins.CredentialRepository.InMemory.csproj", "{AE599013-3E7D-42C0-BB68-D4D03F1AE8E9}"
EndProject
Project("{2150E333-8FDC-42A3-9474-1A3956D46DE8}") = "AuthenticationMethod", "AuthenticationMethod", "{1ADEDC5F-069B-1E02-3C31-39973E012200}"
EndProject
Project("{2150E333-8FDC-42A3-9474-1A3956D46DE8}") = "Password", "Password", "{15C2A6E4-4A45-C573-DDBE-3494ADAE4F78}"
EndProject
Project("{FAE04EC0-301F-11D3-BF4B-00C04F79EFBC}") = "Murder.Plugins.AuthenticationMethod.Password", "src\Murder.Plugins\AuthenticationMethod\Password\Murder.Plugins.AuthenticationMethod.Password.csproj", "{59549F86-2F3E-4C10-83F7-630D1E1F6A8A}"
EndProject
Project("{2150E333-8FDC-42A3-9474-1A3956D46DE8}") = "WebAPI", "WebAPI", "{5AF7C622-AA02-9E01-1EC6-85605CBCB2A1}"
EndProject
Project("{FAE04EC0-301F-11D3-BF4B-00C04F79EFBC}") = "Murder.Plugins.WebAPI", "src\Murder.Plugins\WebAPI\Murder.Plugins.WebAPI.csproj", "{80C33430-771F-4B7C-B2E8-21D886E10704}"
EndProject
Project("{2150E333-8FDC-42A3-9474-1A3956D46DE8}") = "SessionToken", "SessionToken", "{1C5873FF-A0C0-58FB-9237-223BCF413D12}"
EndProject
Project("{FAE04EC0-301F-11D3-BF4B-00C04F79EFBC}") = "Murder.Plugins.AuthenticationMethod.SessionToken", "src\Murder.Plugins\AuthenticationMethod\SessionToken\Murder.Plugins.AuthenticationMethod.SessionToken.csproj", "{72B8046E-6D2C-4AF7-8CF9-774E1310535B}"
EndProject
Global
	GlobalSection(SolutionConfigurationPlatforms) = preSolution
		Debug|Any CPU = Debug|Any CPU
		Debug|x64 = Debug|x64
		Debug|x86 = Debug|x86
		Release|Any CPU = Release|Any CPU
		Release|x64 = Release|x64
		Release|x86 = Release|x86
	EndGlobalSection
	GlobalSection(ProjectConfigurationPlatforms) = postSolution
		{2C967DCB-6C87-402C-9BCE-4A4A4FD07AF5}.Debug|Any CPU.ActiveCfg = Debug|Any CPU
		{2C967DCB-6C87-402C-9BCE-4A4A4FD07AF5}.Debug|Any CPU.Build.0 = Debug|Any CPU
		{2C967DCB-6C87-402C-9BCE-4A4A4FD07AF5}.Debug|x64.ActiveCfg = Debug|Any CPU
		{2C967DCB-6C87-402C-9BCE-4A4A4FD07AF5}.Debug|x64.Build.0 = Debug|Any CPU
		{2C967DCB-6C87-402C-9BCE-4A4A4FD07AF5}.Debug|x86.ActiveCfg = Debug|Any CPU
		{2C967DCB-6C87-402C-9BCE-4A4A4FD07AF5}.Debug|x86.Build.0 = Debug|Any CPU
		{2C967DCB-6C87-402C-9BCE-4A4A4FD07AF5}.Release|Any CPU.ActiveCfg = Release|Any CPU
		{2C967DCB-6C87-402C-9BCE-4A4A4FD07AF5}.Release|Any CPU.Build.0 = Release|Any CPU
		{2C967DCB-6C87-402C-9BCE-4A4A4FD07AF5}.Release|x64.ActiveCfg = Release|Any CPU
		{2C967DCB-6C87-402C-9BCE-4A4A4FD07AF5}.Release|x64.Build.0 = Release|Any CPU
		{2C967DCB-6C87-402C-9BCE-4A4A4FD07AF5}.Release|x86.ActiveCfg = Release|Any CPU
		{2C967DCB-6C87-402C-9BCE-4A4A4FD07AF5}.Release|x86.Build.0 = Release|Any CPU
		{AAF38BAF-3CEA-426D-9685-8B322D1C1E7B}.Debug|Any CPU.ActiveCfg = Debug|Any CPU
		{AAF38BAF-3CEA-426D-9685-8B322D1C1E7B}.Debug|Any CPU.Build.0 = Debug|Any CPU
		{AAF38BAF-3CEA-426D-9685-8B322D1C1E7B}.Debug|x64.ActiveCfg = Debug|Any CPU
		{AAF38BAF-3CEA-426D-9685-8B322D1C1E7B}.Debug|x64.Build.0 = Debug|Any CPU
		{AAF38BAF-3CEA-426D-9685-8B322D1C1E7B}.Debug|x86.ActiveCfg = Debug|Any CPU
		{AAF38BAF-3CEA-426D-9685-8B322D1C1E7B}.Debug|x86.Build.0 = Debug|Any CPU
		{AAF38BAF-3CEA-426D-9685-8B322D1C1E7B}.Release|Any CPU.ActiveCfg = Release|Any CPU
		{AAF38BAF-3CEA-426D-9685-8B322D1C1E7B}.Release|Any CPU.Build.0 = Release|Any CPU
		{AAF38BAF-3CEA-426D-9685-8B322D1C1E7B}.Release|x64.ActiveCfg = Release|Any CPU
		{AAF38BAF-3CEA-426D-9685-8B322D1C1E7B}.Release|x64.Build.0 = Release|Any CPU
		{AAF38BAF-3CEA-426D-9685-8B322D1C1E7B}.Release|x86.ActiveCfg = Release|Any CPU
		{AAF38BAF-3CEA-426D-9685-8B322D1C1E7B}.Release|x86.Build.0 = Release|Any CPU
		{ABB9AED3-28EF-451D-8E45-387A6553344A}.Debug|Any CPU.ActiveCfg = Debug|Any CPU
		{ABB9AED3-28EF-451D-8E45-387A6553344A}.Debug|Any CPU.Build.0 = Debug|Any CPU
		{ABB9AED3-28EF-451D-8E45-387A6553344A}.Debug|x64.ActiveCfg = Debug|Any CPU
		{ABB9AED3-28EF-451D-8E45-387A6553344A}.Debug|x64.Build.0 = Debug|Any CPU
		{ABB9AED3-28EF-451D-8E45-387A6553344A}.Debug|x86.ActiveCfg = Debug|Any CPU
		{ABB9AED3-28EF-451D-8E45-387A6553344A}.Debug|x86.Build.0 = Debug|Any CPU
		{ABB9AED3-28EF-451D-8E45-387A6553344A}.Release|Any CPU.ActiveCfg = Release|Any CPU
		{ABB9AED3-28EF-451D-8E45-387A6553344A}.Release|Any CPU.Build.0 = Release|Any CPU
		{ABB9AED3-28EF-451D-8E45-387A6553344A}.Release|x64.ActiveCfg = Release|Any CPU
		{ABB9AED3-28EF-451D-8E45-387A6553344A}.Release|x64.Build.0 = Release|Any CPU
		{ABB9AED3-28EF-451D-8E45-387A6553344A}.Release|x86.ActiveCfg = Release|Any CPU
		{ABB9AED3-28EF-451D-8E45-387A6553344A}.Release|x86.Build.0 = Release|Any CPU
		{DE39CDE7-435A-49D8-A431-CFE73104FC07}.Debug|Any CPU.ActiveCfg = Debug|Any CPU
		{DE39CDE7-435A-49D8-A431-CFE73104FC07}.Debug|Any CPU.Build.0 = Debug|Any CPU
		{DE39CDE7-435A-49D8-A431-CFE73104FC07}.Debug|x64.ActiveCfg = Debug|Any CPU
		{DE39CDE7-435A-49D8-A431-CFE73104FC07}.Debug|x64.Build.0 = Debug|Any CPU
		{DE39CDE7-435A-49D8-A431-CFE73104FC07}.Debug|x86.ActiveCfg = Debug|Any CPU
		{DE39CDE7-435A-49D8-A431-CFE73104FC07}.Debug|x86.Build.0 = Debug|Any CPU
		{DE39CDE7-435A-49D8-A431-CFE73104FC07}.Release|Any CPU.ActiveCfg = Release|Any CPU
		{DE39CDE7-435A-49D8-A431-CFE73104FC07}.Release|Any CPU.Build.0 = Release|Any CPU
		{DE39CDE7-435A-49D8-A431-CFE73104FC07}.Release|x64.ActiveCfg = Release|Any CPU
		{DE39CDE7-435A-49D8-A431-CFE73104FC07}.Release|x64.Build.0 = Release|Any CPU
		{DE39CDE7-435A-49D8-A431-CFE73104FC07}.Release|x86.ActiveCfg = Release|Any CPU
		{DE39CDE7-435A-49D8-A431-CFE73104FC07}.Release|x86.Build.0 = Release|Any CPU
		{4240DCCE-4534-4C89-808B-EE8CBFFADBC8}.Debug|Any CPU.ActiveCfg = Debug|Any CPU
		{4240DCCE-4534-4C89-808B-EE8CBFFADBC8}.Debug|Any CPU.Build.0 = Debug|Any CPU
		{4240DCCE-4534-4C89-808B-EE8CBFFADBC8}.Debug|x64.ActiveCfg = Debug|Any CPU
		{4240DCCE-4534-4C89-808B-EE8CBFFADBC8}.Debug|x64.Build.0 = Debug|Any CPU
		{4240DCCE-4534-4C89-808B-EE8CBFFADBC8}.Debug|x86.ActiveCfg = Debug|Any CPU
		{4240DCCE-4534-4C89-808B-EE8CBFFADBC8}.Debug|x86.Build.0 = Debug|Any CPU
		{4240DCCE-4534-4C89-808B-EE8CBFFADBC8}.Release|Any CPU.ActiveCfg = Release|Any CPU
		{4240DCCE-4534-4C89-808B-EE8CBFFADBC8}.Release|Any CPU.Build.0 = Release|Any CPU
		{4240DCCE-4534-4C89-808B-EE8CBFFADBC8}.Release|x64.ActiveCfg = Release|Any CPU
		{4240DCCE-4534-4C89-808B-EE8CBFFADBC8}.Release|x64.Build.0 = Release|Any CPU
		{4240DCCE-4534-4C89-808B-EE8CBFFADBC8}.Release|x86.ActiveCfg = Release|Any CPU
		{4240DCCE-4534-4C89-808B-EE8CBFFADBC8}.Release|x86.Build.0 = Release|Any CPU
		{15FD9A93-E94C-4C79-BA20-4B261EB6D52F}.Debug|Any CPU.ActiveCfg = Debug|Any CPU
		{15FD9A93-E94C-4C79-BA20-4B261EB6D52F}.Debug|Any CPU.Build.0 = Debug|Any CPU
		{15FD9A93-E94C-4C79-BA20-4B261EB6D52F}.Debug|x64.ActiveCfg = Debug|Any CPU
		{15FD9A93-E94C-4C79-BA20-4B261EB6D52F}.Debug|x64.Build.0 = Debug|Any CPU
		{15FD9A93-E94C-4C79-BA20-4B261EB6D52F}.Debug|x86.ActiveCfg = Debug|Any CPU
		{15FD9A93-E94C-4C79-BA20-4B261EB6D52F}.Debug|x86.Build.0 = Debug|Any CPU
		{15FD9A93-E94C-4C79-BA20-4B261EB6D52F}.Release|Any CPU.ActiveCfg = Release|Any CPU
		{15FD9A93-E94C-4C79-BA20-4B261EB6D52F}.Release|Any CPU.Build.0 = Release|Any CPU
		{15FD9A93-E94C-4C79-BA20-4B261EB6D52F}.Release|x64.ActiveCfg = Release|Any CPU
		{15FD9A93-E94C-4C79-BA20-4B261EB6D52F}.Release|x64.Build.0 = Release|Any CPU
		{15FD9A93-E94C-4C79-BA20-4B261EB6D52F}.Release|x86.ActiveCfg = Release|Any CPU
		{15FD9A93-E94C-4C79-BA20-4B261EB6D52F}.Release|x86.Build.0 = Release|Any CPU
		{4FA29AFB-1FC7-48B0-8EA9-D6CB4664A7CF}.Debug|Any CPU.ActiveCfg = Debug|Any CPU
		{4FA29AFB-1FC7-48B0-8EA9-D6CB4664A7CF}.Debug|Any CPU.Build.0 = Debug|Any CPU
		{4FA29AFB-1FC7-48B0-8EA9-D6CB4664A7CF}.Debug|x64.ActiveCfg = Debug|Any CPU
		{4FA29AFB-1FC7-48B0-8EA9-D6CB4664A7CF}.Debug|x64.Build.0 = Debug|Any CPU
		{4FA29AFB-1FC7-48B0-8EA9-D6CB4664A7CF}.Debug|x86.ActiveCfg = Debug|Any CPU
		{4FA29AFB-1FC7-48B0-8EA9-D6CB4664A7CF}.Debug|x86.Build.0 = Debug|Any CPU
		{4FA29AFB-1FC7-48B0-8EA9-D6CB4664A7CF}.Release|Any CPU.ActiveCfg = Release|Any CPU
		{4FA29AFB-1FC7-48B0-8EA9-D6CB4664A7CF}.Release|Any CPU.Build.0 = Release|Any CPU
		{4FA29AFB-1FC7-48B0-8EA9-D6CB4664A7CF}.Release|x64.ActiveCfg = Release|Any CPU
		{4FA29AFB-1FC7-48B0-8EA9-D6CB4664A7CF}.Release|x64.Build.0 = Release|Any CPU
		{4FA29AFB-1FC7-48B0-8EA9-D6CB4664A7CF}.Release|x86.ActiveCfg = Release|Any CPU
		{4FA29AFB-1FC7-48B0-8EA9-D6CB4664A7CF}.Release|x86.Build.0 = Release|Any CPU
		{AE599013-3E7D-42C0-BB68-D4D03F1AE8E9}.Debug|Any CPU.ActiveCfg = Debug|Any CPU
		{AE599013-3E7D-42C0-BB68-D4D03F1AE8E9}.Debug|Any CPU.Build.0 = Debug|Any CPU
		{AE599013-3E7D-42C0-BB68-D4D03F1AE8E9}.Debug|x64.ActiveCfg = Debug|Any CPU
		{AE599013-3E7D-42C0-BB68-D4D03F1AE8E9}.Debug|x64.Build.0 = Debug|Any CPU
		{AE599013-3E7D-42C0-BB68-D4D03F1AE8E9}.Debug|x86.ActiveCfg = Debug|Any CPU
		{AE599013-3E7D-42C0-BB68-D4D03F1AE8E9}.Debug|x86.Build.0 = Debug|Any CPU
		{AE599013-3E7D-42C0-BB68-D4D03F1AE8E9}.Release|Any CPU.ActiveCfg = Release|Any CPU
		{AE599013-3E7D-42C0-BB68-D4D03F1AE8E9}.Release|Any CPU.Build.0 = Release|Any CPU
		{AE599013-3E7D-42C0-BB68-D4D03F1AE8E9}.Release|x64.ActiveCfg = Release|Any CPU
		{AE599013-3E7D-42C0-BB68-D4D03F1AE8E9}.Release|x64.Build.0 = Release|Any CPU
		{AE599013-3E7D-42C0-BB68-D4D03F1AE8E9}.Release|x86.ActiveCfg = Release|Any CPU
		{AE599013-3E7D-42C0-BB68-D4D03F1AE8E9}.Release|x86.Build.0 = Release|Any CPU
		{59549F86-2F3E-4C10-83F7-630D1E1F6A8A}.Debug|Any CPU.ActiveCfg = Debug|Any CPU
		{59549F86-2F3E-4C10-83F7-630D1E1F6A8A}.Debug|Any CPU.Build.0 = Debug|Any CPU
		{59549F86-2F3E-4C10-83F7-630D1E1F6A8A}.Debug|x64.ActiveCfg = Debug|Any CPU
		{59549F86-2F3E-4C10-83F7-630D1E1F6A8A}.Debug|x64.Build.0 = Debug|Any CPU
		{59549F86-2F3E-4C10-83F7-630D1E1F6A8A}.Debug|x86.ActiveCfg = Debug|Any CPU
		{59549F86-2F3E-4C10-83F7-630D1E1F6A8A}.Debug|x86.Build.0 = Debug|Any CPU
		{59549F86-2F3E-4C10-83F7-630D1E1F6A8A}.Release|Any CPU.ActiveCfg = Release|Any CPU
		{59549F86-2F3E-4C10-83F7-630D1E1F6A8A}.Release|Any CPU.Build.0 = Release|Any CPU
		{59549F86-2F3E-4C10-83F7-630D1E1F6A8A}.Release|x64.ActiveCfg = Release|Any CPU
		{59549F86-2F3E-4C10-83F7-630D1E1F6A8A}.Release|x64.Build.0 = Release|Any CPU
		{59549F86-2F3E-4C10-83F7-630D1E1F6A8A}.Release|x86.ActiveCfg = Release|Any CPU
		{59549F86-2F3E-4C10-83F7-630D1E1F6A8A}.Release|x86.Build.0 = Release|Any CPU
		{80C33430-771F-4B7C-B2E8-21D886E10704}.Debug|Any CPU.ActiveCfg = Debug|Any CPU
		{80C33430-771F-4B7C-B2E8-21D886E10704}.Debug|Any CPU.Build.0 = Debug|Any CPU
		{80C33430-771F-4B7C-B2E8-21D886E10704}.Debug|x64.ActiveCfg = Debug|Any CPU
		{80C33430-771F-4B7C-B2E8-21D886E10704}.Debug|x64.Build.0 = Debug|Any CPU
		{80C33430-771F-4B7C-B2E8-21D886E10704}.Debug|x86.ActiveCfg = Debug|Any CPU
		{80C33430-771F-4B7C-B2E8-21D886E10704}.Debug|x86.Build.0 = Debug|Any CPU
		{80C33430-771F-4B7C-B2E8-21D886E10704}.Release|Any CPU.ActiveCfg = Release|Any CPU
		{80C33430-771F-4B7C-B2E8-21D886E10704}.Release|Any CPU.Build.0 = Release|Any CPU
		{80C33430-771F-4B7C-B2E8-21D886E10704}.Release|x64.ActiveCfg = Release|Any CPU
		{80C33430-771F-4B7C-B2E8-21D886E10704}.Release|x64.Build.0 = Release|Any CPU
		{80C33430-771F-4B7C-B2E8-21D886E10704}.Release|x86.ActiveCfg = Release|Any CPU
		{80C33430-771F-4B7C-B2E8-21D886E10704}.Release|x86.Build.0 = Release|Any CPU
		{72B8046E-6D2C-4AF7-8CF9-774E1310535B}.Debug|Any CPU.ActiveCfg = Debug|Any CPU
		{72B8046E-6D2C-4AF7-8CF9-774E1310535B}.Debug|Any CPU.Build.0 = Debug|Any CPU
		{72B8046E-6D2C-4AF7-8CF9-774E1310535B}.Debug|x64.ActiveCfg = Debug|Any CPU
		{72B8046E-6D2C-4AF7-8CF9-774E1310535B}.Debug|x64.Build.0 = Debug|Any CPU
		{72B8046E-6D2C-4AF7-8CF9-774E1310535B}.Debug|x86.ActiveCfg = Debug|Any CPU
		{72B8046E-6D2C-4AF7-8CF9-774E1310535B}.Debug|x86.Build.0 = Debug|Any CPU
		{72B8046E-6D2C-4AF7-8CF9-774E1310535B}.Release|Any CPU.ActiveCfg = Release|Any CPU
		{72B8046E-6D2C-4AF7-8CF9-774E1310535B}.Release|Any CPU.Build.0 = Release|Any CPU
		{72B8046E-6D2C-4AF7-8CF9-774E1310535B}.Release|x64.ActiveCfg = Release|Any CPU
		{72B8046E-6D2C-4AF7-8CF9-774E1310535B}.Release|x64.Build.0 = Release|Any CPU
		{72B8046E-6D2C-4AF7-8CF9-774E1310535B}.Release|x86.ActiveCfg = Release|Any CPU
		{72B8046E-6D2C-4AF7-8CF9-774E1310535B}.Release|x86.Build.0 = Release|Any CPU
	EndGlobalSection
	GlobalSection(SolutionProperties) = preSolution
		HideSolutionNode = FALSE
	EndGlobalSection
	GlobalSection(NestedProjects) = preSolution
		{2C967DCB-6C87-402C-9BCE-4A4A4FD07AF5} = {827E0CD3-B72D-47B6-A68D-7590B98EB39B}
		{AAF38BAF-3CEA-426D-9685-8B322D1C1E7B} = {0AB3BF05-4346-4AA6-1389-037BE0695223}
		{ABB9AED3-28EF-451D-8E45-387A6553344A} = {827E0CD3-B72D-47B6-A68D-7590B98EB39B}
		{50E4C933-4E1B-8388-DD1A-9AD765ACCC3D} = {827E0CD3-B72D-47B6-A68D-7590B98EB39B}
		{DA3EA5C9-AE32-97D9-47D3-A580E2B0BC9D} = {50E4C933-4E1B-8388-DD1A-9AD765ACCC3D}
		{5DC45E0B-8A82-FFC2-5348-8D9D68D525D4} = {DA3EA5C9-AE32-97D9-47D3-A580E2B0BC9D}
		{DE39CDE7-435A-49D8-A431-CFE73104FC07} = {5DC45E0B-8A82-FFC2-5348-8D9D68D525D4}
		{4240DCCE-4534-4C89-808B-EE8CBFFADBC8} = {827E0CD3-B72D-47B6-A68D-7590B98EB39B}
		{15FD9A93-E94C-4C79-BA20-4B261EB6D52F} = {827E0CD3-B72D-47B6-A68D-7590B98EB39B}
		{1D2114A5-DAD6-7D14-FF5C-B99067AA0C81} = {50E4C933-4E1B-8388-DD1A-9AD765ACCC3D}
		{79184894-1663-4A9A-05A1-54660F625372} = {1D2114A5-DAD6-7D14-FF5C-B99067AA0C81}
		{4FA29AFB-1FC7-48B0-8EA9-D6CB4664A7CF} = {79184894-1663-4A9A-05A1-54660F625372}
		{D8484874-C0FE-4E8D-F709-C0D2522D0E0F} = {50E4C933-4E1B-8388-DD1A-9AD765ACCC3D}
		{01464765-4456-A1A1-32C3-15FA1E5E10E7} = {D8484874-C0FE-4E8D-F709-C0D2522D0E0F}
		{AE599013-3E7D-42C0-BB68-D4D03F1AE8E9} = {01464765-4456-A1A1-32C3-15FA1E5E10E7}
		{1ADEDC5F-069B-1E02-3C31-39973E012200} = {50E4C933-4E1B-8388-DD1A-9AD765ACCC3D}
		{15C2A6E4-4A45-C573-DDBE-3494ADAE4F78} = {1ADEDC5F-069B-1E02-3C31-39973E012200}
		{59549F86-2F3E-4C10-83F7-630D1E1F6A8A} = {15C2A6E4-4A45-C573-DDBE-3494ADAE4F78}
		{5AF7C622-AA02-9E01-1EC6-85605CBCB2A1} = {50E4C933-4E1B-8388-DD1A-9AD765ACCC3D}
		{80C33430-771F-4B7C-B2E8-21D886E10704} = {5AF7C622-AA02-9E01-1EC6-85605CBCB2A1}
		{1C5873FF-A0C0-58FB-9237-223BCF413D12} = {1ADEDC5F-069B-1E02-3C31-39973E012200}
		{72B8046E-6D2C-4AF7-8CF9-774E1310535B} = {1C5873FF-A0C0-58FB-9237-223BCF413D12}
	EndGlobalSection
EndGlobal
