
Microsoft Visual Studio Solution File, Format Version 12.00
# Visual Studio Version 17
VisualStudioVersion = 17.0.31903.59
MinimumVisualStudioVersion = 10.0.40219.1
Project("{2150E333-8FDC-42A3-9474-1A3956D46DE8}") = "src", "src", "{827E0CD3-B72D-47B6-A68D-7590B98EB39B}"
EndProject
Project("{FAE04EC0-301F-11D3-BF4B-00C04F79EFBC}") = "Murder.DomainGame", "src\Murder.DomainGame\Murder.DomainGame.csproj", "{2C967DCB-6C87-402C-9BCE-4A4A4FD07AF5}"
EndProject
Project("{2150E333-8FDC-42A3-9474-1A3956D46DE8}") = "tests", "tests", "{0AB3BF05-4346-4AA6-1389-037BE0695223}"
EndProject
Project("{FAE04EC0-301F-11D3-BF4B-00C04F79EFBC}") = "Murder.DomainGame.Tests", "tests\Murder.DomainGame.Tests\Murder.DomainGame.Tests.csproj", "{AAF38BAF-3CEA-426D-9685-8B322D1C1E7B}"
EndProject
Project("{FAE04EC0-301F-11D3-BF4B-00C04F79EFBC}") = "Murder.ApplicationGame", "src\Murder.ApplicationGame\Murder.ApplicationGame.csproj", "{ABB9AED3-28EF-451D-8E45-387A6553344A}"
EndProject
Project("{2150E333-8FDC-42A3-9474-1A3956D46DE8}") = "Murder.Plugins", "Murder.Plugins", "{50E4C933-4E1B-8388-DD1A-9AD765ACCC3D}"
EndProject
Project("{2150E333-8FDC-42A3-9474-1A3956D46DE8}") = "GameRepository", "GameRepository", "{DA3EA5C9-AE32-97D9-47D3-A580E2B0BC9D}"
EndProject
Project("{2150E333-8FDC-42A3-9474-1A3956D46DE8}") = "InMemory", "InMemory", "{5DC45E0B-8A82-FFC2-5348-8D9D68D525D4}"
EndProject
Project("{FAE04EC0-301F-11D3-BF4B-00C04F79EFBC}") = "Murder.Plugins.GameRepositoy.InMemory", "src\Murder.Plugins\GameRepository\InMemory\Murder.Plugins.GameRepositoy.InMemory.csproj", "{DE39CDE7-435A-49D8-A431-CFE73104FC07}"
EndProject
Project("{FAE04EC0-301F-11D3-BF4B-00C04F79EFBC}") = "Murder.DomainIdentity", "src\Murder.DomainIdentity\Murder.DomainIdentity.csproj", "{4240DCCE-4534-4C89-808B-EE8CBFFADBC8}"
EndProject
Project("{FAE04EC0-301F-11D3-BF4B-00C04F79EFBC}") = "Murder.ApplicationIdentity", "src\Murder.ApplicationIdentity\Murder.ApplicationIdentity.csproj", "{15FD9A93-E94C-4C79-BA20-4B261EB6D52F}"
EndProject
Global
	GlobalSection(SolutionConfigurationPlatforms) = preSolution
		Debug|Any CPU = Debug|Any CPU
		Debug|x64 = Debug|x64
		Debug|x86 = Debug|x86
		Release|Any CPU = Release|Any CPU
		Release|x64 = Release|x64
		Release|x86 = Release|x86
	EndGlobalSection
	GlobalSection(ProjectConfigurationPlatforms) = postSolution
		{2C967DCB-6C87-402C-9BCE-4A4A4FD07AF5}.Debug|Any CPU.ActiveCfg = Debug|Any CPU
		{2C967DCB-6C87-402C-9BCE-4A4A4FD07AF5}.Debug|Any CPU.Build.0 = Debug|Any CPU
		{2C967DCB-6C87-402C-9BCE-4A4A4FD07AF5}.Debug|x64.ActiveCfg = Debug|Any CPU
		{2C967DCB-6C87-402C-9BCE-4A4A4FD07AF5}.Debug|x64.Build.0 = Debug|Any CPU
		{2C967DCB-6C87-402C-9BCE-4A4A4FD07AF5}.Debug|x86.ActiveCfg = Debug|Any CPU
		{2C967DCB-6C87-402C-9BCE-4A4A4FD07AF5}.Debug|x86.Build.0 = Debug|Any CPU
		{2C967DCB-6C87-402C-9BCE-4A4A4FD07AF5}.Release|Any CPU.ActiveCfg = Release|Any CPU
		{2C967DCB-6C87-402C-9BCE-4A4A4FD07AF5}.Release|Any CPU.Build.0 = Release|Any CPU
		{2C967DCB-6C87-402C-9BCE-4A4A4FD07AF5}.Release|x64.ActiveCfg = Release|Any CPU
		{2C967DCB-6C87-402C-9BCE-4A4A4FD07AF5}.Release|x64.Build.0 = Release|Any CPU
		{2C967DCB-6C87-402C-9BCE-4A4A4FD07AF5}.Release|x86.ActiveCfg = Release|Any CPU
		{2C967DCB-6C87-402C-9BCE-4A4A4FD07AF5}.Release|x86.Build.0 = Release|Any CPU
		{AAF38BAF-3CEA-426D-9685-8B322D1C1E7B}.Debug|Any CPU.ActiveCfg = Debug|Any CPU
		{AAF38BAF-3CEA-426D-9685-8B322D1C1E7B}.Debug|Any CPU.Build.0 = Debug|Any CPU
		{AAF38BAF-3CEA-426D-9685-8B322D1C1E7B}.Debug|x64.ActiveCfg = Debug|Any CPU
		{AAF38BAF-3CEA-426D-9685-8B322D1C1E7B}.Debug|x64.Build.0 = Debug|Any CPU
		{AAF38BAF-3CEA-426D-9685-8B322D1C1E7B}.Debug|x86.ActiveCfg = Debug|Any CPU
		{AAF38BAF-3CEA-426D-9685-8B322D1C1E7B}.Debug|x86.Build.0 = Debug|Any CPU
		{AAF38BAF-3CEA-426D-9685-8B322D1C1E7B}.Release|Any CPU.ActiveCfg = Release|Any CPU
		{AAF38BAF-3CEA-426D-9685-8B322D1C1E7B}.Release|Any CPU.Build.0 = Release|Any CPU
		{AAF38BAF-3CEA-426D-9685-8B322D1C1E7B}.Release|x64.ActiveCfg = Release|Any CPU
		{AAF38BAF-3CEA-426D-9685-8B322D1C1E7B}.Release|x64.Build.0 = Release|Any CPU
		{AAF38BAF-3CEA-426D-9685-8B322D1C1E7B}.Release|x86.ActiveCfg = Release|Any CPU
		{AAF38BAF-3CEA-426D-9685-8B322D1C1E7B}.Release|x86.Build.0 = Release|Any CPU
		{ABB9AED3-28EF-451D-8E45-387A6553344A}.Debug|Any CPU.ActiveCfg = Debug|Any CPU
		{ABB9AED3-28EF-451D-8E45-387A6553344A}.Debug|Any CPU.Build.0 = Debug|Any CPU
		{ABB9AED3-28EF-451D-8E45-387A6553344A}.Debug|x64.ActiveCfg = Debug|Any CPU
		{ABB9AED3-28EF-451D-8E45-387A6553344A}.Debug|x64.Build.0 = Debug|Any CPU
		{ABB9AED3-28EF-451D-8E45-387A6553344A}.Debug|x86.ActiveCfg = Debug|Any CPU
		{ABB9AED3-28EF-451D-8E45-387A6553344A}.Debug|x86.Build.0 = Debug|Any CPU
		{ABB9AED3-28EF-451D-8E45-387A6553344A}.Release|Any CPU.ActiveCfg = Release|Any CPU
		{ABB9AED3-28EF-451D-8E45-387A6553344A}.Release|Any CPU.Build.0 = Release|Any CPU
		{ABB9AED3-28EF-451D-8E45-387A6553344A}.Release|x64.ActiveCfg = Release|Any CPU
		{ABB9AED3-28EF-451D-8E45-387A6553344A}.Release|x64.Build.0 = Release|Any CPU
		{ABB9AED3-28EF-451D-8E45-387A6553344A}.Release|x86.ActiveCfg = Release|Any CPU
		{ABB9AED3-28EF-451D-8E45-387A6553344A}.Release|x86.Build.0 = Release|Any CPU
		{DE39CDE7-435A-49D8-A431-CFE73104FC07}.Debug|Any CPU.ActiveCfg = Debug|Any CPU
		{DE39CDE7-435A-49D8-A431-CFE73104FC07}.Debug|Any CPU.Build.0 = Debug|Any CPU
		{DE39CDE7-435A-49D8-A431-CFE73104FC07}.Debug|x64.ActiveCfg = Debug|Any CPU
		{DE39CDE7-435A-49D8-A431-CFE73104FC07}.Debug|x64.Build.0 = Debug|Any CPU
		{DE39CDE7-435A-49D8-A431-CFE73104FC07}.Debug|x86.ActiveCfg = Debug|Any CPU
		{DE39CDE7-435A-49D8-A431-CFE73104FC07}.Debug|x86.Build.0 = Debug|Any CPU
		{DE39CDE7-435A-49D8-A431-CFE73104FC07}.Release|Any CPU.ActiveCfg = Release|Any CPU
		{DE39CDE7-435A-49D8-A431-CFE73104FC07}.Release|Any CPU.Build.0 = Release|Any CPU
		{DE39CDE7-435A-49D8-A431-CFE73104FC07}.Release|x64.ActiveCfg = Release|Any CPU
		{DE39CDE7-435A-49D8-A431-CFE73104FC07}.Release|x64.Build.0 = Release|Any CPU
		{DE39CDE7-435A-49D8-A431-CFE73104FC07}.Release|x86.ActiveCfg = Release|Any CPU
		{DE39CDE7-435A-49D8-A431-CFE73104FC07}.Release|x86.Build.0 = Release|Any CPU
		{4240DCCE-4534-4C89-808B-EE8CBFFADBC8}.Debug|Any CPU.ActiveCfg = Debug|Any CPU
		{4240DCCE-4534-4C89-808B-EE8CBFFADBC8}.Debug|Any CPU.Build.0 = Debug|Any CPU
		{4240DCCE-4534-4C89-808B-EE8CBFFADBC8}.Debug|x64.ActiveCfg = Debug|Any CPU
		{4240DCCE-4534-4C89-808B-EE8CBFFADBC8}.Debug|x64.Build.0 = Debug|Any CPU
		{4240DCCE-4534-4C89-808B-EE8CBFFADBC8}.Debug|x86.ActiveCfg = Debug|Any CPU
		{4240DCCE-4534-4C89-808B-EE8CBFFADBC8}.Debug|x86.Build.0 = Debug|Any CPU
		{4240DCCE-4534-4C89-808B-EE8CBFFADBC8}.Release|Any CPU.ActiveCfg = Release|Any CPU
		{4240DCCE-4534-4C89-808B-EE8CBFFADBC8}.Release|Any CPU.Build.0 = Release|Any CPU
		{4240DCCE-4534-4C89-808B-EE8CBFFADBC8}.Release|x64.ActiveCfg = Release|Any CPU
		{4240DCCE-4534-4C89-808B-EE8CBFFADBC8}.Release|x64.Build.0 = Release|Any CPU
		{4240DCCE-4534-4C89-808B-EE8CBFFADBC8}.Release|x86.ActiveCfg = Release|Any CPU
		{4240DCCE-4534-4C89-808B-EE8CBFFADBC8}.Release|x86.Build.0 = Release|Any CPU
		{15FD9A93-E94C-4C79-BA20-4B261EB6D52F}.Debug|Any CPU.ActiveCfg = Debug|Any CPU
		{15FD9A93-E94C-4C79-BA20-4B261EB6D52F}.Debug|Any CPU.Build.0 = Debug|Any CPU
		{15FD9A93-E94C-4C79-BA20-4B261EB6D52F}.Debug|x64.ActiveCfg = Debug|Any CPU
		{15FD9A93-E94C-4C79-BA20-4B261EB6D52F}.Debug|x64.Build.0 = Debug|Any CPU
		{15FD9A93-E94C-4C79-BA20-4B261EB6D52F}.Debug|x86.ActiveCfg = Debug|Any CPU
		{15FD9A93-E94C-4C79-BA20-4B261EB6D52F}.Debug|x86.Build.0 = Debug|Any CPU
		{15FD9A93-E94C-4C79-BA20-4B261EB6D52F}.Release|Any CPU.ActiveCfg = Release|Any CPU
		{15FD9A93-E94C-4C79-BA20-4B261EB6D52F}.Release|Any CPU.Build.0 = Release|Any CPU
		{15FD9A93-E94C-4C79-BA20-4B261EB6D52F}.Release|x64.ActiveCfg = Release|Any CPU
		{15FD9A93-E94C-4C79-BA20-4B261EB6D52F}.Release|x64.Build.0 = Release|Any CPU
		{15FD9A93-E94C-4C79-BA20-4B261EB6D52F}.Release|x86.ActiveCfg = Release|Any CPU
		{15FD9A93-E94C-4C79-BA20-4B261EB6D52F}.Release|x86.Build.0 = Release|Any CPU
	EndGlobalSection
	GlobalSection(SolutionProperties) = preSolution
		HideSolutionNode = FALSE
	EndGlobalSection
	GlobalSection(NestedProjects) = preSolution
		{2C967DCB-6C87-402C-9BCE-4A4A4FD07AF5} = {827E0CD3-B72D-47B6-A68D-7590B98EB39B}
		{AAF38BAF-3CEA-426D-9685-8B322D1C1E7B} = {0AB3BF05-4346-4AA6-1389-037BE0695223}
		{ABB9AED3-28EF-451D-8E45-387A6553344A} = {827E0CD3-B72D-47B6-A68D-7590B98EB39B}
		{50E4C933-4E1B-8388-DD1A-9AD765ACCC3D} = {827E0CD3-B72D-47B6-A68D-7590B98EB39B}
		{DA3EA5C9-AE32-97D9-47D3-A580E2B0BC9D} = {50E4C933-4E1B-8388-DD1A-9AD765ACCC3D}
		{5DC45E0B-8A82-FFC2-5348-8D9D68D525D4} = {DA3EA5C9-AE32-97D9-47D3-A580E2B0BC9D}
		{DE39CDE7-435A-49D8-A431-CFE73104FC07} = {5DC45E0B-8A82-FFC2-5348-8D9D68D525D4}
		{4240DCCE-4534-4C89-808B-EE8CBFFADBC8} = {827E0CD3-B72D-47B6-A68D-7590B98EB39B}
		{15FD9A93-E94C-4C79-BA20-4B261EB6D52F} = {827E0CD3-B72D-47B6-A68D-7590B98EB39B}
	EndGlobalSection
EndGlobal
